
Microsoft Visual Studio Solution File, Format Version 12.00
# Visual Studio 2012
Project("{FAE04EC0-301F-11D3-BF4B-00C04F79EFBC}") = "BootstrapDemo", "BootstrapDemo\BootstrapDemo.csproj", "{B499A05E-C857-407F-9164-A6D2983C28AD}"
EndProject
Global
	GlobalSection(SolutionConfigurationPlatforms) = preSolution
		Debug|Any CPU = Debug|Any CPU
		Release|Any CPU = Release|Any CPU
	EndGlobalSection
	GlobalSection(ProjectConfigurationPlatforms) = postSolution
		{B499A05E-C857-407F-9164-A6D2983C28AD}.Debug|Any CPU.ActiveCfg = Debug|Any CPU
		{B499A05E-C857-407F-9164-A6D2983C28AD}.Debug|Any CPU.Build.0 = Debug|Any CPU
		{B499A05E-C857-407F-9164-A6D2983C28AD}.Release|Any CPU.ActiveCfg = Release|Any CPU
		{B499A05E-C857-407F-9164-A6D2983C28AD}.Release|Any CPU.Build.0 = Release|Any CPU
	EndGlobalSection
	GlobalSection(SolutionProperties) = preSolution
		HideSolutionNode = FALSE
	EndGlobalSection
EndGlobal
